// !$*UTF8*$!
{
	archiveVersion = 1;
	classes = {
	};
	objectVersion = 56;
	objects = {

/* Begin PBXBuildFile section */
		C73315A22915AAFE000BE4EC /* Hike.swift in Sources */ = {isa = PBXBuildFile; fileRef = C73315A12915AAFE000BE4EC /* Hike.swift */; };
		C73315A72915ACCC000BE4EC /* GraphCapsule.swift in Sources */ = {isa = PBXBuildFile; fileRef = C73315A62915ACCC000BE4EC /* GraphCapsule.swift */; };
		C74698BF2915A46100D9B13A /* hikeData.json in Resources */ = {isa = PBXBuildFile; fileRef = C74698BE2915A46100D9B13A /* hikeData.json */; };
		C7C8FB6D2915AFF100F8CD2A /* HikeGraph.swift in Sources */ = {isa = PBXBuildFile; fileRef = C7C8FB6C2915AFF100F8CD2A /* HikeGraph.swift */; };
		C7C8FB6F2915B82D00F8CD2A /* HikeDetail.swift in Sources */ = {isa = PBXBuildFile; fileRef = C7C8FB6E2915B82D00F8CD2A /* HikeDetail.swift */; };
		C7C8FB712915BEC600F8CD2A /* HikeView.swift in Sources */ = {isa = PBXBuildFile; fileRef = C7C8FB702915BEC600F8CD2A /* HikeView.swift */; };
		C7D51556290EC253009EB694 /* FavoriteButton.swift in Sources */ = {isa = PBXBuildFile; fileRef = C7D51555290EC253009EB694 /* FavoriteButton.swift */; };
		C7D5155A290EC8D8009EB694 /* HexagonParameters.swift in Sources */ = {isa = PBXBuildFile; fileRef = C7D51559290EC8D8009EB694 /* HexagonParameters.swift */; };
		C7D5155C290ECC5E009EB694 /* BadgeBackground.swift in Sources */ = {isa = PBXBuildFile; fileRef = C7D5155B290ECC5E009EB694 /* BadgeBackground.swift */; };
		C7D5155E290F1B71009EB694 /* BadgeSymbol.swift in Sources */ = {isa = PBXBuildFile; fileRef = C7D5155D290F1B71009EB694 /* BadgeSymbol.swift */; };
		C7D51560290F26FE009EB694 /* RotatedBadgeSymbol.swift in Sources */ = {isa = PBXBuildFile; fileRef = C7D5155F290F26FE009EB694 /* RotatedBadgeSymbol.swift */; };
		C7D51562290F2871009EB694 /* Badge.swift in Sources */ = {isa = PBXBuildFile; fileRef = C7D51561290F2871009EB694 /* Badge.swift */; };
		C7F7D405290D326A005B8AD3 /* LandmarksApp.swift in Sources */ = {isa = PBXBuildFile; fileRef = C7F7D404290D326A005B8AD3 /* LandmarksApp.swift */; };
		C7F7D407290D326A005B8AD3 /* ContentView.swift in Sources */ = {isa = PBXBuildFile; fileRef = C7F7D406290D326A005B8AD3 /* ContentView.swift */; };
		C7F7D409290D326A005B8AD3 /* Assets.xcassets in Resources */ = {isa = PBXBuildFile; fileRef = C7F7D408290D326A005B8AD3 /* Assets.xcassets */; };
		C7F7D40C290D326A005B8AD3 /* Preview Assets.xcassets in Resources */ = {isa = PBXBuildFile; fileRef = C7F7D40B290D326A005B8AD3 /* Preview Assets.xcassets */; };
		C7F7D413290D3931005B8AD3 /* CircleImage.swift in Sources */ = {isa = PBXBuildFile; fileRef = C7F7D412290D3931005B8AD3 /* CircleImage.swift */; };
		C7F7D415290D3AE0005B8AD3 /* MapView.swift in Sources */ = {isa = PBXBuildFile; fileRef = C7F7D414290D3AE0005B8AD3 /* MapView.swift */; };
		C7F7D417290D46B3005B8AD3 /* landmarkData.json in Resources */ = {isa = PBXBuildFile; fileRef = C7F7D416290D46B3005B8AD3 /* landmarkData.json */; };
		C7F7D419290D46EA005B8AD3 /* Landmark.swift in Sources */ = {isa = PBXBuildFile; fileRef = C7F7D418290D46EA005B8AD3 /* Landmark.swift */; };
		C7F7D41B290D4B4B005B8AD3 /* ModelData.swift in Sources */ = {isa = PBXBuildFile; fileRef = C7F7D41A290D4B4B005B8AD3 /* ModelData.swift */; };
		C7F7D422290D5048005B8AD3 /* LandmarkRow.swift in Sources */ = {isa = PBXBuildFile; fileRef = C7F7D421290D5048005B8AD3 /* LandmarkRow.swift */; };
		C7F7D424290D55FF005B8AD3 /* LandmarkList.swift in Sources */ = {isa = PBXBuildFile; fileRef = C7F7D423290D55FF005B8AD3 /* LandmarkList.swift */; };
		C7F7D426290D5917005B8AD3 /* LandmarkDetail.swift in Sources */ = {isa = PBXBuildFile; fileRef = C7F7D425290D5917005B8AD3 /* LandmarkDetail.swift */; };
/* End PBXBuildFile section */

/* Begin PBXFileReference section */
		C73315A12915AAFE000BE4EC /* Hike.swift */ = {isa = PBXFileReference; lastKnownFileType = sourcecode.swift; path = Hike.swift; sourceTree = "<group>"; };
		C73315A62915ACCC000BE4EC /* GraphCapsule.swift */ = {isa = PBXFileReference; lastKnownFileType = sourcecode.swift; path = GraphCapsule.swift; sourceTree = "<group>"; };
		C74698BE2915A46100D9B13A /* hikeData.json */ = {isa = PBXFileReference; fileEncoding = 4; lastKnownFileType = text.json; path = hikeData.json; sourceTree = "<group>"; };
		C7C8FB6C2915AFF100F8CD2A /* HikeGraph.swift */ = {isa = PBXFileReference; lastKnownFileType = sourcecode.swift; path = HikeGraph.swift; sourceTree = "<group>"; };
		C7C8FB6E2915B82D00F8CD2A /* HikeDetail.swift */ = {isa = PBXFileReference; lastKnownFileType = sourcecode.swift; path = HikeDetail.swift; sourceTree = "<group>"; };
		C7C8FB702915BEC600F8CD2A /* HikeView.swift */ = {isa = PBXFileReference; lastKnownFileType = sourcecode.swift; path = HikeView.swift; sourceTree = "<group>"; };
		C7D51555290EC253009EB694 /* FavoriteButton.swift */ = {isa = PBXFileReference; lastKnownFileType = sourcecode.swift; path = FavoriteButton.swift; sourceTree = "<group>"; };
		C7D51559290EC8D8009EB694 /* HexagonParameters.swift */ = {isa = PBXFileReference; lastKnownFileType = sourcecode.swift; path = HexagonParameters.swift; sourceTree = "<group>"; };
		C7D5155B290ECC5E009EB694 /* BadgeBackground.swift */ = {isa = PBXFileReference; lastKnownFileType = sourcecode.swift; path = BadgeBackground.swift; sourceTree = "<group>"; };
		C7D5155D290F1B71009EB694 /* BadgeSymbol.swift */ = {isa = PBXFileReference; lastKnownFileType = sourcecode.swift; path = BadgeSymbol.swift; sourceTree = "<group>"; };
		C7D5155F290F26FE009EB694 /* RotatedBadgeSymbol.swift */ = {isa = PBXFileReference; lastKnownFileType = sourcecode.swift; path = RotatedBadgeSymbol.swift; sourceTree = "<group>"; };
		C7D51561290F2871009EB694 /* Badge.swift */ = {isa = PBXFileReference; lastKnownFileType = sourcecode.swift; path = Badge.swift; sourceTree = "<group>"; };
		C7F7D401290D326A005B8AD3 /* Landmarks.app */ = {isa = PBXFileReference; explicitFileType = wrapper.application; includeInIndex = 0; path = Landmarks.app; sourceTree = BUILT_PRODUCTS_DIR; };
		C7F7D404290D326A005B8AD3 /* LandmarksApp.swift */ = {isa = PBXFileReference; lastKnownFileType = sourcecode.swift; path = LandmarksApp.swift; sourceTree = "<group>"; };
		C7F7D406290D326A005B8AD3 /* ContentView.swift */ = {isa = PBXFileReference; lastKnownFileType = sourcecode.swift; path = ContentView.swift; sourceTree = "<group>"; };
		C7F7D408290D326A005B8AD3 /* Assets.xcassets */ = {isa = PBXFileReference; lastKnownFileType = folder.assetcatalog; path = Assets.xcassets; sourceTree = "<group>"; };
		C7F7D40B290D326A005B8AD3 /* Preview Assets.xcassets */ = {isa = PBXFileReference; lastKnownFileType = folder.assetcatalog; path = "Preview Assets.xcassets"; sourceTree = "<group>"; };
		C7F7D412290D3931005B8AD3 /* CircleImage.swift */ = {isa = PBXFileReference; lastKnownFileType = sourcecode.swift; path = CircleImage.swift; sourceTree = "<group>"; };
		C7F7D414290D3AE0005B8AD3 /* MapView.swift */ = {isa = PBXFileReference; lastKnownFileType = sourcecode.swift; path = MapView.swift; sourceTree = "<group>"; };
		C7F7D416290D46B3005B8AD3 /* landmarkData.json */ = {isa = PBXFileReference; fileEncoding = 4; lastKnownFileType = text.json; path = landmarkData.json; sourceTree = "<group>"; };
		C7F7D418290D46EA005B8AD3 /* Landmark.swift */ = {isa = PBXFileReference; lastKnownFileType = sourcecode.swift; path = Landmark.swift; sourceTree = "<group>"; };
		C7F7D41A290D4B4B005B8AD3 /* ModelData.swift */ = {isa = PBXFileReference; lastKnownFileType = sourcecode.swift; path = ModelData.swift; sourceTree = "<group>"; };
		C7F7D421290D5048005B8AD3 /* LandmarkRow.swift */ = {isa = PBXFileReference; lastKnownFileType = sourcecode.swift; path = LandmarkRow.swift; sourceTree = "<group>"; };
		C7F7D423290D55FF005B8AD3 /* LandmarkList.swift */ = {isa = PBXFileReference; lastKnownFileType = sourcecode.swift; path = LandmarkList.swift; sourceTree = "<group>"; };
		C7F7D425290D5917005B8AD3 /* LandmarkDetail.swift */ = {isa = PBXFileReference; lastKnownFileType = sourcecode.swift; path = LandmarkDetail.swift; sourceTree = "<group>"; };
/* End PBXFileReference section */

/* Begin PBXFrameworksBuildPhase section */
		C7F7D3FE290D326A005B8AD3 /* Frameworks */ = {
			isa = PBXFrameworksBuildPhase;
			buildActionMask = 2147483647;
			files = (
			);
			runOnlyForDeploymentPostprocessing = 0;
		};
/* End PBXFrameworksBuildPhase section */

/* Begin PBXGroup section */
		C73315A52915ACAE000BE4EC /* Hikes */ = {
			isa = PBXGroup;
			children = (
				C73315A62915ACCC000BE4EC /* GraphCapsule.swift */,
				C7C8FB6C2915AFF100F8CD2A /* HikeGraph.swift */,
				C7C8FB6E2915B82D00F8CD2A /* HikeDetail.swift */,
				C7C8FB702915BEC600F8CD2A /* HikeView.swift */,
			);
			path = Hikes;
			sourceTree = "<group>";
		};
		C7D51557290EC3FC009EB694 /* Landmarks */ = {
			isa = PBXGroup;
			children = (
				C7F7D421290D5048005B8AD3 /* LandmarkRow.swift */,
				C7F7D423290D55FF005B8AD3 /* LandmarkList.swift */,
				C7F7D425290D5917005B8AD3 /* LandmarkDetail.swift */,
			);
			path = Landmarks;
			sourceTree = "<group>";
		};
		C7D51558290EC417009EB694 /* Helpers */ = {
			isa = PBXGroup;
			children = (
				C7F7D412290D3931005B8AD3 /* CircleImage.swift */,
				C7F7D414290D3AE0005B8AD3 /* MapView.swift */,
				C7D51555290EC253009EB694 /* FavoriteButton.swift */,
			);
			path = Helpers;
			sourceTree = "<group>";
		};
		C7D51563290F2B50009EB694 /* Badges */ = {
			isa = PBXGroup;
			children = (
				C7D51559290EC8D8009EB694 /* HexagonParameters.swift */,
				C7D5155B290ECC5E009EB694 /* BadgeBackground.swift */,
				C7D5155D290F1B71009EB694 /* BadgeSymbol.swift */,
				C7D5155F290F26FE009EB694 /* RotatedBadgeSymbol.swift */,
				C7D51561290F2871009EB694 /* Badge.swift */,
			);
			path = Badges;
			sourceTree = "<group>";
		};
		C7F7D3F8290D326A005B8AD3 = {
			isa = PBXGroup;
			children = (
				C7F7D403290D326A005B8AD3 /* Landmarks */,
				C7F7D402290D326A005B8AD3 /* Products */,
			);
			sourceTree = "<group>";
		};
		C7F7D402290D326A005B8AD3 /* Products */ = {
			isa = PBXGroup;
			children = (
				C7F7D401290D326A005B8AD3 /* Landmarks.app */,
			);
			name = Products;
			sourceTree = "<group>";
		};
		C7F7D403290D326A005B8AD3 /* Landmarks */ = {
			isa = PBXGroup;
			children = (
				C7F7D41E290D4F6D005B8AD3 /* Resources */,
				C7F7D404290D326A005B8AD3 /* LandmarksApp.swift */,
				C7F7D41D290D4F2A005B8AD3 /* Model */,
				C7F7D408290D326A005B8AD3 /* Assets.xcassets */,
				C7F7D41C290D4EFA005B8AD3 /* Views */,
				C7F7D40A290D326A005B8AD3 /* Preview Content */,
			);
			path = Landmarks;
			sourceTree = "<group>";
		};
		C7F7D40A290D326A005B8AD3 /* Preview Content */ = {
			isa = PBXGroup;
			children = (
				C7F7D40B290D326A005B8AD3 /* Preview Assets.xcassets */,
			);
			path = "Preview Content";
			sourceTree = "<group>";
		};
		C7F7D41C290D4EFA005B8AD3 /* Views */ = {
			isa = PBXGroup;
			children = (
				C73315A52915ACAE000BE4EC /* Hikes */,
				C7F7D406290D326A005B8AD3 /* ContentView.swift */,
				C7D51558290EC417009EB694 /* Helpers */,
				C7D51557290EC3FC009EB694 /* Landmarks */,
				C7D51563290F2B50009EB694 /* Badges */,
			);
			path = Views;
			sourceTree = "<group>";
		};
		C7F7D41D290D4F2A005B8AD3 /* Model */ = {
			isa = PBXGroup;
			children = (
				C7F7D418290D46EA005B8AD3 /* Landmark.swift */,
				C7F7D41A290D4B4B005B8AD3 /* ModelData.swift */,
				C73315A12915AAFE000BE4EC /* Hike.swift */,
			);
			path = Model;
			sourceTree = "<group>";
		};
		C7F7D41E290D4F6D005B8AD3 /* Resources */ = {
			isa = PBXGroup;
			children = (
				C74698BE2915A46100D9B13A /* hikeData.json */,
				C7F7D416290D46B3005B8AD3 /* landmarkData.json */,
			);
			path = Resources;
			sourceTree = "<group>";
		};
/* End PBXGroup section */

/* Begin PBXNativeTarget section */
		C7F7D400290D326A005B8AD3 /* Landmarks */ = {
			isa = PBXNativeTarget;
			buildConfigurationList = C7F7D40F290D326A005B8AD3 /* Build configuration list for PBXNativeTarget "Landmarks" */;
			buildPhases = (
				C7F7D3FD290D326A005B8AD3 /* Sources */,
				C7F7D3FE290D326A005B8AD3 /* Frameworks */,
				C7F7D3FF290D326A005B8AD3 /* Resources */,
			);
			buildRules = (
			);
			dependencies = (
			);
			name = Landmarks;
			productName = Landmarks;
			productReference = C7F7D401290D326A005B8AD3 /* Landmarks.app */;
			productType = "com.apple.product-type.application";
		};
/* End PBXNativeTarget section */

/* Begin PBXProject section */
		C7F7D3F9290D326A005B8AD3 /* Project object */ = {
			isa = PBXProject;
			attributes = {
				BuildIndependentTargetsInParallel = 1;
				LastSwiftUpdateCheck = 1400;
				LastUpgradeCheck = 1400;
				TargetAttributes = {
					C7F7D400290D326A005B8AD3 = {
						CreatedOnToolsVersion = 14.0.1;
					};
				};
			};
			buildConfigurationList = C7F7D3FC290D326A005B8AD3 /* Build configuration list for PBXProject "Landmarks" */;
			compatibilityVersion = "Xcode 14.0";
			developmentRegion = en;
			hasScannedForEncodings = 0;
			knownRegions = (
				en,
				Base,
			);
			mainGroup = C7F7D3F8290D326A005B8AD3;
			productRefGroup = C7F7D402290D326A005B8AD3 /* Products */;
			projectDirPath = "";
			projectRoot = "";
			targets = (
				C7F7D400290D326A005B8AD3 /* Landmarks */,
			);
		};
/* End PBXProject section */

/* Begin PBXResourcesBuildPhase section */
		C7F7D3FF290D326A005B8AD3 /* Resources */ = {
			isa = PBXResourcesBuildPhase;
			buildActionMask = 2147483647;
			files = (
				C74698BF2915A46100D9B13A /* hikeData.json in Resources */,
				C7F7D40C290D326A005B8AD3 /* Preview Assets.xcassets in Resources */,
				C7F7D409290D326A005B8AD3 /* Assets.xcassets in Resources */,
				C7F7D417290D46B3005B8AD3 /* landmarkData.json in Resources */,
			);
			runOnlyForDeploymentPostprocessing = 0;
		};
/* End PBXResourcesBuildPhase section */

/* Begin PBXSourcesBuildPhase section */
		C7F7D3FD290D326A005B8AD3 /* Sources */ = {
			isa = PBXSourcesBuildPhase;
			buildActionMask = 2147483647;
			files = (
				C7F7D407290D326A005B8AD3 /* ContentView.swift in Sources */,
				C7C8FB6D2915AFF100F8CD2A /* HikeGraph.swift in Sources */,
				C7D51562290F2871009EB694 /* Badge.swift in Sources */,
				C7F7D415290D3AE0005B8AD3 /* MapView.swift in Sources */,
				C73315A72915ACCC000BE4EC /* GraphCapsule.swift in Sources */,
				C7F7D405290D326A005B8AD3 /* LandmarksApp.swift in Sources */,
				C7D51556290EC253009EB694 /* FavoriteButton.swift in Sources */,
				C7C8FB6F2915B82D00F8CD2A /* HikeDetail.swift in Sources */,
				C7D5155A290EC8D8009EB694 /* HexagonParameters.swift in Sources */,
				C73315A22915AAFE000BE4EC /* Hike.swift in Sources */,
				C7D51560290F26FE009EB694 /* RotatedBadgeSymbol.swift in Sources */,
				C7D5155E290F1B71009EB694 /* BadgeSymbol.swift in Sources */,
				C7F7D424290D55FF005B8AD3 /* LandmarkList.swift in Sources */,
				C7C8FB712915BEC600F8CD2A /* HikeView.swift in Sources */,
				C7F7D426290D5917005B8AD3 /* LandmarkDetail.swift in Sources */,
				C7D5155C290ECC5E009EB694 /* BadgeBackground.swift in Sources */,
				C7F7D413290D3931005B8AD3 /* CircleImage.swift in Sources */,
				C7F7D419290D46EA005B8AD3 /* Landmark.swift in Sources */,
				C7F7D422290D5048005B8AD3 /* LandmarkRow.swift in Sources */,
				C7F7D41B290D4B4B005B8AD3 /* ModelData.swift in Sources */,
			);
			runOnlyForDeploymentPostprocessing = 0;
		};
/* End PBXSourcesBuildPhase section */

/* Begin XCBuildConfiguration section */
		C7F7D40D290D326A005B8AD3 /* Debug */ = {
			isa = XCBuildConfiguration;
			buildSettings = {
				ALWAYS_SEARCH_USER_PATHS = NO;
				CLANG_ANALYZER_NONNULL = YES;
				CLANG_ANALYZER_NUMBER_OBJECT_CONVERSION = YES_AGGRESSIVE;
				CLANG_CXX_LANGUAGE_STANDARD = "gnu++20";
				CLANG_ENABLE_MODULES = YES;
				CLANG_ENABLE_OBJC_ARC = YES;
				CLANG_ENABLE_OBJC_WEAK = YES;
				CLANG_WARN_BLOCK_CAPTURE_AUTORELEASING = YES;
				CLANG_WARN_BOOL_CONVERSION = YES;
				CLANG_WARN_COMMA = YES;
				CLANG_WARN_CONSTANT_CONVERSION = YES;
				CLANG_WARN_DEPRECATED_OBJC_IMPLEMENTATIONS = YES;
				CLANG_WARN_DIRECT_OBJC_ISA_USAGE = YES_ERROR;
				CLANG_WARN_DOCUMENTATION_COMMENTS = YES;
				CLANG_WARN_EMPTY_BODY = YES;
				CLANG_WARN_ENUM_CONVERSION = YES;
				CLANG_WARN_INFINITE_RECURSION = YES;
				CLANG_WARN_INT_CONVERSION = YES;
				CLANG_WARN_NON_LITERAL_NULL_CONVERSION = YES;
				CLANG_WARN_OBJC_IMPLICIT_RETAIN_SELF = YES;
				CLANG_WARN_OBJC_LITERAL_CONVERSION = YES;
				CLANG_WARN_OBJC_ROOT_CLASS = YES_ERROR;
				CLANG_WARN_QUOTED_INCLUDE_IN_FRAMEWORK_HEADER = YES;
				CLANG_WARN_RANGE_LOOP_ANALYSIS = YES;
				CLANG_WARN_STRICT_PROTOTYPES = YES;
				CLANG_WARN_SUSPICIOUS_MOVE = YES;
				CLANG_WARN_UNGUARDED_AVAILABILITY = YES_AGGRESSIVE;
				CLANG_WARN_UNREACHABLE_CODE = YES;
				CLANG_WARN__DUPLICATE_METHOD_MATCH = YES;
				COPY_PHASE_STRIP = NO;
				DEBUG_INFORMATION_FORMAT = dwarf;
				ENABLE_STRICT_OBJC_MSGSEND = YES;
				ENABLE_TESTABILITY = YES;
				GCC_C_LANGUAGE_STANDARD = gnu11;
				GCC_DYNAMIC_NO_PIC = NO;
				GCC_NO_COMMON_BLOCKS = YES;
				GCC_OPTIMIZATION_LEVEL = 0;
				GCC_PREPROCESSOR_DEFINITIONS = (
					"DEBUG=1",
					"$(inherited)",
				);
				GCC_WARN_64_TO_32_BIT_CONVERSION = YES;
				GCC_WARN_ABOUT_RETURN_TYPE = YES_ERROR;
				GCC_WARN_UNDECLARED_SELECTOR = YES;
				GCC_WARN_UNINITIALIZED_AUTOS = YES_AGGRESSIVE;
				GCC_WARN_UNUSED_FUNCTION = YES;
				GCC_WARN_UNUSED_VARIABLE = YES;
				IPHONEOS_DEPLOYMENT_TARGET = 16.0;
				MTL_ENABLE_DEBUG_INFO = INCLUDE_SOURCE;
				MTL_FAST_MATH = YES;
				ONLY_ACTIVE_ARCH = YES;
				SDKROOT = iphoneos;
				SWIFT_ACTIVE_COMPILATION_CONDITIONS = DEBUG;
				SWIFT_OPTIMIZATION_LEVEL = "-Onone";
			};
			name = Debug;
		};
		C7F7D40E290D326A005B8AD3 /* Release */ = {
			isa = XCBuildConfiguration;
			buildSettings = {
				ALWAYS_SEARCH_USER_PATHS = NO;
				CLANG_ANALYZER_NONNULL = YES;
				CLANG_ANALYZER_NUMBER_OBJECT_CONVERSION = YES_AGGRESSIVE;
				CLANG_CXX_LANGUAGE_STANDARD = "gnu++20";
				CLANG_ENABLE_MODULES = YES;
				CLANG_ENABLE_OBJC_ARC = YES;
				CLANG_ENABLE_OBJC_WEAK = YES;
				CLANG_WARN_BLOCK_CAPTURE_AUTORELEASING = YES;
				CLANG_WARN_BOOL_CONVERSION = YES;
				CLANG_WARN_COMMA = YES;
				CLANG_WARN_CONSTANT_CONVERSION = YES;
				CLANG_WARN_DEPRECATED_OBJC_IMPLEMENTATIONS = YES;
				CLANG_WARN_DIRECT_OBJC_ISA_USAGE = YES_ERROR;
				CLANG_WARN_DOCUMENTATION_COMMENTS = YES;
				CLANG_WARN_EMPTY_BODY = YES;
				CLANG_WARN_ENUM_CONVERSION = YES;
				CLANG_WARN_INFINITE_RECURSION = YES;
				CLANG_WARN_INT_CONVERSION = YES;
				CLANG_WARN_NON_LITERAL_NULL_CONVERSION = YES;
				CLANG_WARN_OBJC_IMPLICIT_RETAIN_SELF = YES;
				CLANG_WARN_OBJC_LITERAL_CONVERSION = YES;
				CLANG_WARN_OBJC_ROOT_CLASS = YES_ERROR;
				CLANG_WARN_QUOTED_INCLUDE_IN_FRAMEWORK_HEADER = YES;
				CLANG_WARN_RANGE_LOOP_ANALYSIS = YES;
				CLANG_WARN_STRICT_PROTOTYPES = YES;
				CLANG_WARN_SUSPICIOUS_MOVE = YES;
				CLANG_WARN_UNGUARDED_AVAILABILITY = YES_AGGRESSIVE;
				CLANG_WARN_UNREACHABLE_CODE = YES;
				CLANG_WARN__DUPLICATE_METHOD_MATCH = YES;
				COPY_PHASE_STRIP = NO;
				DEBUG_INFORMATION_FORMAT = "dwarf-with-dsym";
				ENABLE_NS_ASSERTIONS = NO;
				ENABLE_STRICT_OBJC_MSGSEND = YES;
				GCC_C_LANGUAGE_STANDARD = gnu11;
				GCC_NO_COMMON_BLOCKS = YES;
				GCC_WARN_64_TO_32_BIT_CONVERSION = YES;
				GCC_WARN_ABOUT_RETURN_TYPE = YES_ERROR;
				GCC_WARN_UNDECLARED_SELECTOR = YES;
				GCC_WARN_UNINITIALIZED_AUTOS = YES_AGGRESSIVE;
				GCC_WARN_UNUSED_FUNCTION = YES;
				GCC_WARN_UNUSED_VARIABLE = YES;
				IPHONEOS_DEPLOYMENT_TARGET = 16.0;
				MTL_ENABLE_DEBUG_INFO = NO;
				MTL_FAST_MATH = YES;
				SDKROOT = iphoneos;
				SWIFT_COMPILATION_MODE = wholemodule;
				SWIFT_OPTIMIZATION_LEVEL = "-O";
				VALIDATE_PRODUCT = YES;
			};
			name = Release;
		};
		C7F7D410290D326A005B8AD3 /* Debug */ = {
			isa = XCBuildConfiguration;
			buildSettings = {
				ASSETCATALOG_COMPILER_APPICON_NAME = AppIcon;
				ASSETCATALOG_COMPILER_GLOBAL_ACCENT_COLOR_NAME = AccentColor;
				CODE_SIGN_STYLE = Automatic;
				CURRENT_PROJECT_VERSION = 1;
				DEVELOPMENT_ASSET_PATHS = "\"Landmarks/Preview Content\"";
				DEVELOPMENT_TEAM = K6UNBFPCC6;
				ENABLE_PREVIEWS = YES;
				GENERATE_INFOPLIST_FILE = YES;
				INFOPLIST_FILE = Landmarks/Info.plist;
				INFOPLIST_KEY_UIApplicationSceneManifest_Generation = YES;
				INFOPLIST_KEY_UIApplicationSupportsIndirectInputEvents = YES;
				INFOPLIST_KEY_UISupportedInterfaceOrientations_iPad = "UIInterfaceOrientationPortrait UIInterfaceOrientationPortraitUpsideDown UIInterfaceOrientationLandscapeLeft UIInterfaceOrientationLandscapeRight";
				INFOPLIST_KEY_UISupportedInterfaceOrientations_iPhone = "UIInterfaceOrientationPortrait UIInterfaceOrientationLandscapeLeft UIInterfaceOrientationLandscapeRight";
				LD_RUNPATH_SEARCH_PATHS = (
					"$(inherited)",
					"@executable_path/Frameworks",
				);
				MARKETING_VERSION = 1.0;
				PRODUCT_BUNDLE_IDENTIFIER = com.MathiasVintherSoendergaard.Landmarks;
				PRODUCT_NAME = "$(TARGET_NAME)";
				SWIFT_EMIT_LOC_STRINGS = YES;
				SWIFT_VERSION = 5.0;
				TARGETED_DEVICE_FAMILY = "1,2";
			};
			name = Debug;
		};
		C7F7D411290D326A005B8AD3 /* Release */ = {
			isa = XCBuildConfiguration;
			buildSettings = {
				ASSETCATALOG_COMPILER_APPICON_NAME = AppIcon;
				ASSETCATALOG_COMPILER_GLOBAL_ACCENT_COLOR_NAME = AccentColor;
				CODE_SIGN_STYLE = Automatic;
				CURRENT_PROJECT_VERSION = 1;
				DEVELOPMENT_ASSET_PATHS = "\"Landmarks/Preview Content\"";
				DEVELOPMENT_TEAM = K6UNBFPCC6;
				ENABLE_PREVIEWS = YES;
				GENERATE_INFOPLIST_FILE = YES;
				INFOPLIST_FILE = Landmarks/Info.plist;
				INFOPLIST_KEY_UIApplicationSceneManifest_Generation = YES;
				INFOPLIST_KEY_UIApplicationSupportsIndirectInputEvents = YES;
				INFOPLIST_KEY_UISupportedInterfaceOrientations_iPad = "UIInterfaceOrientationPortrait UIInterfaceOrientationPortraitUpsideDown UIInterfaceOrientationLandscapeLeft UIInterfaceOrientationLandscapeRight";
				INFOPLIST_KEY_UISupportedInterfaceOrientations_iPhone = "UIInterfaceOrientationPortrait UIInterfaceOrientationLandscapeLeft UIInterfaceOrientationLandscapeRight";
				LD_RUNPATH_SEARCH_PATHS = (
					"$(inherited)",
					"@executable_path/Frameworks",
				);
				MARKETING_VERSION = 1.0;
				PRODUCT_BUNDLE_IDENTIFIER = com.MathiasVintherSoendergaard.Landmarks;
				PRODUCT_NAME = "$(TARGET_NAME)";
				SWIFT_EMIT_LOC_STRINGS = YES;
				SWIFT_VERSION = 5.0;
				TARGETED_DEVICE_FAMILY = "1,2";
			};
			name = Release;
		};
/* End XCBuildConfiguration section */

/* Begin XCConfigurationList section */
		C7F7D3FC290D326A005B8AD3 /* Build configuration list for PBXProject "Landmarks" */ = {
			isa = XCConfigurationList;
			buildConfigurations = (
				C7F7D40D290D326A005B8AD3 /* Debug */,
				C7F7D40E290D326A005B8AD3 /* Release */,
			);
			defaultConfigurationIsVisible = 0;
			defaultConfigurationName = Release;
		};
		C7F7D40F290D326A005B8AD3 /* Build configuration list for PBXNativeTarget "Landmarks" */ = {
			isa = XCConfigurationList;
			buildConfigurations = (
				C7F7D410290D326A005B8AD3 /* Debug */,
				C7F7D411290D326A005B8AD3 /* Release */,
			);
			defaultConfigurationIsVisible = 0;
			defaultConfigurationName = Release;
		};
/* End XCConfigurationList section */
	};
	rootObject = C7F7D3F9290D326A005B8AD3 /* Project object */;
}
